
Microsoft Visual Studio Solution File, Format Version 12.00
# Visual Studio Version 16
VisualStudioVersion = 16.0.32002.261
MinimumVisualStudioVersion = 10.0.40219.1
Project("{FAE04EC0-301F-11D3-BF4B-00C04F79EFBC}") = "WPFTraining", "WPFTraining\WPFTraining.csproj", "{764926FF-5F94-429A-A4D9-340BE50C7632}"
EndProject
Global
	GlobalSection(SolutionConfigurationPlatforms) = preSolution
		Debug|Any CPU = Debug|Any CPU
		Release|Any CPU = Release|Any CPU
	EndGlobalSection
	GlobalSection(ProjectConfigurationPlatforms) = postSolution
		{764926FF-5F94-429A-A4D9-340BE50C7632}.Debug|Any CPU.ActiveCfg = Debug|Any CPU
		{764926FF-5F94-429A-A4D9-340BE50C7632}.Debug|Any CPU.Build.0 = Debug|Any CPU
		{764926FF-5F94-429A-A4D9-340BE50C7632}.Release|Any CPU.ActiveCfg = Release|Any CPU
		{764926FF-5F94-429A-A4D9-340BE50C7632}.Release|Any CPU.Build.0 = Release|Any CPU
	EndGlobalSection
	GlobalSection(SolutionProperties) = preSolution
		HideSolutionNode = FALSE
	EndGlobalSection
	GlobalSection(ExtensibilityGlobals) = postSolution
		SolutionGuid = {2409D925-DD1B-409A-9728-AFC3EA657264}
	EndGlobalSection
EndGlobal
